
Microsoft Visual Studio Solution File, Format Version 12.00
# Visual Studio 15
VisualStudioVersion = 15.0.28307.421
MinimumVisualStudioVersion = 10.0.40219.1
Project("{FAE04EC0-301F-11D3-BF4B-00C04F79EFBC}") = "LCC_xlsx_to_pptx_converter", "LCC_xlsx_to_pptx_converter\LCC_xlsx_to_pptx_converter.csproj", "{CDCC13FA-18AF-4145-B936-2D100BD4181A}"
EndProject
Global
	GlobalSection(SolutionConfigurationPlatforms) = preSolution
		Debug|Any CPU = Debug|Any CPU
		Release|Any CPU = Release|Any CPU
	EndGlobalSection
	GlobalSection(ProjectConfigurationPlatforms) = postSolution
		{CDCC13FA-18AF-4145-B936-2D100BD4181A}.Debug|Any CPU.ActiveCfg = Debug|Any CPU
		{CDCC13FA-18AF-4145-B936-2D100BD4181A}.Debug|Any CPU.Build.0 = Debug|Any CPU
		{CDCC13FA-18AF-4145-B936-2D100BD4181A}.Release|Any CPU.ActiveCfg = Release|Any CPU
		{CDCC13FA-18AF-4145-B936-2D100BD4181A}.Release|Any CPU.Build.0 = Release|Any CPU
	EndGlobalSection
	GlobalSection(SolutionProperties) = preSolution
		HideSolutionNode = FALSE
	EndGlobalSection
	GlobalSection(ExtensibilityGlobals) = postSolution
		SolutionGuid = {B454E60B-B453-46ED-9376-61E62EEB06E4}
	EndGlobalSection
EndGlobal
